
Microsoft Visual Studio Solution File, Format Version 12.00
# Visual Studio Version 17
VisualStudioVersion = 17.8.34330.188
MinimumVisualStudioVersion = 10.0.40219.1
Project("{FAE04EC0-301F-11D3-BF4B-00C04F79EFBC}") = "HOAWinApp", "HOAWinApp\HOAWinApp.csproj", "{6ECC5F74-2A5C-4268-B29D-5CF3F86F5570}"
EndProject
Global
	GlobalSection(SolutionConfigurationPlatforms) = preSolution
		Debug|Any CPU = Debug|Any CPU
		Release|Any CPU = Release|Any CPU
	EndGlobalSection
	GlobalSection(ProjectConfigurationPlatforms) = postSolution
		{6ECC5F74-2A5C-4268-B29D-5CF3F86F5570}.Debug|Any CPU.ActiveCfg = Debug|Any CPU
		{6ECC5F74-2A5C-4268-B29D-5CF3F86F5570}.Debug|Any CPU.Build.0 = Debug|Any CPU
		{6ECC5F74-2A5C-4268-B29D-5CF3F86F5570}.Release|Any CPU.ActiveCfg = Release|Any CPU
		{6ECC5F74-2A5C-4268-B29D-5CF3F86F5570}.Release|Any CPU.Build.0 = Release|Any CPU
	EndGlobalSection
	GlobalSection(SolutionProperties) = preSolution
		HideSolutionNode = FALSE
	EndGlobalSection
	GlobalSection(ExtensibilityGlobals) = postSolution
		SolutionGuid = {FC4F96E9-64AD-46DD-8F17-7627E26B5C46}
	EndGlobalSection
EndGlobal
